
Microsoft Visual Studio Solution File, Format Version 12.00
# Visual Studio Version 17
VisualStudioVersion = 17.0.32112.339
MinimumVisualStudioVersion = 10.0.40219.1
Project("{9A19103F-16F7-4668-BE54-9A1E7A4F7556}") = "DataAccess", "DataAccess\DataAccess.csproj", "{081A82AD-D3B0-473F-ACED-F454320CC955}"
EndProject
Project("{9A19103F-16F7-4668-BE54-9A1E7A4F7556}") = "Business", "Business\Business.csproj", "{E240FD8A-B4E6-4CE0-AA65-EC8640C36B81}"
EndProject
Project("{9A19103F-16F7-4668-BE54-9A1E7A4F7556}") = "Entities", "Entities\Entities.csproj", "{1F66DA49-6D0D-4E75-8013-64C61BA5D9AA}"
EndProject
Project("{9A19103F-16F7-4668-BE54-9A1E7A4F7556}") = "ConsoleUI", "ConsoleUI\ConsoleUI.csproj", "{DF522261-E58E-441F-BD56-38C8100CEA34}"
EndProject
Project("{FAE04EC0-301F-11D3-BF4B-00C04F79EFBC}") = "Core2", "bbb\Core2.csproj", "{B400A762-4A27-4387-96D3-F87C0BCFBC97}"
EndProject
Global
	GlobalSection(SolutionConfigurationPlatforms) = preSolution
		Debug|Any CPU = Debug|Any CPU
		Release|Any CPU = Release|Any CPU
	EndGlobalSection
	GlobalSection(ProjectConfigurationPlatforms) = postSolution
		{081A82AD-D3B0-473F-ACED-F454320CC955}.Debug|Any CPU.ActiveCfg = Debug|Any CPU
		{081A82AD-D3B0-473F-ACED-F454320CC955}.Debug|Any CPU.Build.0 = Debug|Any CPU
		{081A82AD-D3B0-473F-ACED-F454320CC955}.Release|Any CPU.ActiveCfg = Release|Any CPU
		{081A82AD-D3B0-473F-ACED-F454320CC955}.Release|Any CPU.Build.0 = Release|Any CPU
		{E240FD8A-B4E6-4CE0-AA65-EC8640C36B81}.Debug|Any CPU.ActiveCfg = Debug|Any CPU
		{E240FD8A-B4E6-4CE0-AA65-EC8640C36B81}.Debug|Any CPU.Build.0 = Debug|Any CPU
		{E240FD8A-B4E6-4CE0-AA65-EC8640C36B81}.Release|Any CPU.ActiveCfg = Release|Any CPU
		{E240FD8A-B4E6-4CE0-AA65-EC8640C36B81}.Release|Any CPU.Build.0 = Release|Any CPU
		{1F66DA49-6D0D-4E75-8013-64C61BA5D9AA}.Debug|Any CPU.ActiveCfg = Debug|Any CPU
		{1F66DA49-6D0D-4E75-8013-64C61BA5D9AA}.Debug|Any CPU.Build.0 = Debug|Any CPU
		{1F66DA49-6D0D-4E75-8013-64C61BA5D9AA}.Release|Any CPU.ActiveCfg = Release|Any CPU
		{1F66DA49-6D0D-4E75-8013-64C61BA5D9AA}.Release|Any CPU.Build.0 = Release|Any CPU
		{DF522261-E58E-441F-BD56-38C8100CEA34}.Debug|Any CPU.ActiveCfg = Debug|Any CPU
		{DF522261-E58E-441F-BD56-38C8100CEA34}.Debug|Any CPU.Build.0 = Debug|Any CPU
		{DF522261-E58E-441F-BD56-38C8100CEA34}.Release|Any CPU.ActiveCfg = Release|Any CPU
		{DF522261-E58E-441F-BD56-38C8100CEA34}.Release|Any CPU.Build.0 = Release|Any CPU
		{B400A762-4A27-4387-96D3-F87C0BCFBC97}.Debug|Any CPU.ActiveCfg = Debug|Any CPU
		{B400A762-4A27-4387-96D3-F87C0BCFBC97}.Debug|Any CPU.Build.0 = Debug|Any CPU
		{B400A762-4A27-4387-96D3-F87C0BCFBC97}.Release|Any CPU.ActiveCfg = Release|Any CPU
		{B400A762-4A27-4387-96D3-F87C0BCFBC97}.Release|Any CPU.Build.0 = Release|Any CPU
	EndGlobalSection
	GlobalSection(SolutionProperties) = preSolution
		HideSolutionNode = FALSE
	EndGlobalSection
	GlobalSection(ExtensibilityGlobals) = postSolution
		SolutionGuid = {9CF04164-2D87-4868-913C-531A62A6C717}
	EndGlobalSection
EndGlobal
